
Microsoft Visual Studio Solution File, Format Version 12.00
# Visual Studio Version 16
VisualStudioVersion = 16.0.31112.23
MinimumVisualStudioVersion = 10.0.40219.1
Project("{8BC9CEB8-8B4A-11D0-8D11-00A0C91BC942}") = "Hello_LightCasters", "Hello_LightCasters.vcxproj", "{AA0E45FC-2342-4481-A794-1D9BA5EA4BA8}"
EndProject
Global
	GlobalSection(SolutionConfigurationPlatforms) = preSolution
		Debug|x64 = Debug|x64
		Debug|x86 = Debug|x86
		Release|x64 = Release|x64
		Release|x86 = Release|x86
	EndGlobalSection
	GlobalSection(ProjectConfigurationPlatforms) = postSolution
		{AA0E45FC-2342-4481-A794-1D9BA5EA4BA8}.Debug|x64.ActiveCfg = Debug|x64
		{AA0E45FC-2342-4481-A794-1D9BA5EA4BA8}.Debug|x64.Build.0 = Debug|x64
		{AA0E45FC-2342-4481-A794-1D9BA5EA4BA8}.Debug|x86.ActiveCfg = Debug|Win32
		{AA0E45FC-2342-4481-A794-1D9BA5EA4BA8}.Debug|x86.Build.0 = Debug|Win32
		{AA0E45FC-2342-4481-A794-1D9BA5EA4BA8}.Release|x64.ActiveCfg = Release|x64
		{AA0E45FC-2342-4481-A794-1D9BA5EA4BA8}.Release|x64.Build.0 = Release|x64
		{AA0E45FC-2342-4481-A794-1D9BA5EA4BA8}.Release|x86.ActiveCfg = Release|Win32
		{AA0E45FC-2342-4481-A794-1D9BA5EA4BA8}.Release|x86.Build.0 = Release|Win32
	EndGlobalSection
	GlobalSection(SolutionProperties) = preSolution
		HideSolutionNode = FALSE
	EndGlobalSection
	GlobalSection(ExtensibilityGlobals) = postSolution
		SolutionGuid = {FC4E3AD7-0050-4019-8A96-418ED6CC3C3B}
	EndGlobalSection
EndGlobal
